
Microsoft Visual Studio Solution File, Format Version 12.00
# Visual Studio Version 16
VisualStudioVersion = 16.0.29215.179
MinimumVisualStudioVersion = 10.0.40219.1
Project("{FAE04EC0-301F-11D3-BF4B-00C04F79EFBC}") = "JSON", "JSON\JSON.csproj", "{3A8ECD1D-6BB5-4439-AFA5-A48843370C9A}"
EndProject
Global
	GlobalSection(SolutionConfigurationPlatforms) = preSolution
		Debug|Any CPU = Debug|Any CPU
		Release|Any CPU = Release|Any CPU
	EndGlobalSection
	GlobalSection(ProjectConfigurationPlatforms) = postSolution
		{3A8ECD1D-6BB5-4439-AFA5-A48843370C9A}.Debug|Any CPU.ActiveCfg = Debug|Any CPU
		{3A8ECD1D-6BB5-4439-AFA5-A48843370C9A}.Debug|Any CPU.Build.0 = Debug|Any CPU
		{3A8ECD1D-6BB5-4439-AFA5-A48843370C9A}.Release|Any CPU.ActiveCfg = Release|Any CPU
		{3A8ECD1D-6BB5-4439-AFA5-A48843370C9A}.Release|Any CPU.Build.0 = Release|Any CPU
	EndGlobalSection
	GlobalSection(SolutionProperties) = preSolution
		HideSolutionNode = FALSE
	EndGlobalSection
	GlobalSection(ExtensibilityGlobals) = postSolution
		SolutionGuid = {D0BD8C92-2960-4BFB-84B5-D84C74BF2954}
	EndGlobalSection
EndGlobal
